// !$*UTF8*$!
{
	archiveVersion = 1;
	classes = {
	};
	objectVersion = 46;
	objects = {

/* Begin PBXBuildFile section */
		48B221B218B034B400F2DD99 /* WBProfileTableViewController.m in Sources */ = {isa = PBXBuildFile; fileRef = 48B221B118B034B400F2DD99 /* WBProfileTableViewController.m */; };
		48B221B618B1D57B00F2DD99 /* WBPlayersTableViewController.m in Sources */ = {isa = PBXBuildFile; fileRef = 48B221B518B1D57B00F2DD99 /* WBPlayersTableViewController.m */; };
		48B221B918B1EB2000F2DD99 /* WBResultTableViewCell.m in Sources */ = {isa = PBXBuildFile; fileRef = 48B221B818B1EB2000F2DD99 /* WBResultTableViewCell.m */; };
		A50E162D18972418008933A5 /* _WBCaptain.m in Sources */ = {isa = PBXBuildFile; fileRef = A50E160618972418008933A5 /* _WBCaptain.m */; };
		A50E162E18972418008933A5 /* _WBCourse.m in Sources */ = {isa = PBXBuildFile; fileRef = A50E160818972418008933A5 /* _WBCourse.m */; };
		A50E162F18972418008933A5 /* _WBMatch.m in Sources */ = {isa = PBXBuildFile; fileRef = A50E160A18972418008933A5 /* _WBMatch.m */; };
		A50E163018972418008933A5 /* _WBPlayer.m in Sources */ = {isa = PBXBuildFile; fileRef = A50E160C18972418008933A5 /* _WBPlayer.m */; };
		A50E163118972418008933A5 /* _WBPlayerYearData.m in Sources */ = {isa = PBXBuildFile; fileRef = A50E160E18972418008933A5 /* _WBPlayerYearData.m */; };
		A50E163218972418008933A5 /* _WBResult.m in Sources */ = {isa = PBXBuildFile; fileRef = A50E161018972418008933A5 /* _WBResult.m */; };
		A50E163318972418008933A5 /* _WBTeam.m in Sources */ = {isa = PBXBuildFile; fileRef = A50E161218972418008933A5 /* _WBTeam.m */; };
		A50E163418972418008933A5 /* _WBTeamMatchup.m in Sources */ = {isa = PBXBuildFile; fileRef = A50E161418972418008933A5 /* _WBTeamMatchup.m */; };
		A50E163518972418008933A5 /* _WBWeek.m in Sources */ = {isa = PBXBuildFile; fileRef = A50E161618972418008933A5 /* _WBWeek.m */; };
		A50E163618972418008933A5 /* _WBYear.m in Sources */ = {isa = PBXBuildFile; fileRef = A50E161818972418008933A5 /* _WBYear.m */; };
		A50E163718972418008933A5 /* WBCaptain.m in Sources */ = {isa = PBXBuildFile; fileRef = A50E161A18972418008933A5 /* WBCaptain.m */; };
		A50E163818972418008933A5 /* WBCourse.m in Sources */ = {isa = PBXBuildFile; fileRef = A50E161C18972418008933A5 /* WBCourse.m */; };
		A50E163918972418008933A5 /* WBMatch.m in Sources */ = {isa = PBXBuildFile; fileRef = A50E161E18972418008933A5 /* WBMatch.m */; };
		A50E163A18972418008933A5 /* WBPlayer.m in Sources */ = {isa = PBXBuildFile; fileRef = A50E162018972418008933A5 /* WBPlayer.m */; };
		A50E163B18972418008933A5 /* WBPlayerYearData.m in Sources */ = {isa = PBXBuildFile; fileRef = A50E162218972418008933A5 /* WBPlayerYearData.m */; };
		A50E163C18972418008933A5 /* WBResult.m in Sources */ = {isa = PBXBuildFile; fileRef = A50E162418972418008933A5 /* WBResult.m */; };
		A50E163D18972418008933A5 /* WBTeam.m in Sources */ = {isa = PBXBuildFile; fileRef = A50E162618972418008933A5 /* WBTeam.m */; };
		A50E163E18972418008933A5 /* WBTeamMatchup.m in Sources */ = {isa = PBXBuildFile; fileRef = A50E162818972418008933A5 /* WBTeamMatchup.m */; };
		A50E163F18972418008933A5 /* WBWeek.m in Sources */ = {isa = PBXBuildFile; fileRef = A50E162A18972418008933A5 /* WBWeek.m */; };
		A50E164018972418008933A5 /* WBYear.m in Sources */ = {isa = PBXBuildFile; fileRef = A50E162C18972418008933A5 /* WBYear.m */; };
		A52FC24C18A59FC1004C9580 /* WBCoreDataManager.m in Sources */ = {isa = PBXBuildFile; fileRef = A52FC24B18A59FC1004C9580 /* WBCoreDataManager.m */; };
		A52FC24F18A5A324004C9580 /* WBFileSystem.m in Sources */ = {isa = PBXBuildFile; fileRef = A52FC24E18A5A324004C9580 /* WBFileSystem.m */; };
		A5F476E31890769400AB3529 /* Foundation.framework in Frameworks */ = {isa = PBXBuildFile; fileRef = A5F476E21890769400AB3529 /* Foundation.framework */; };
		A5F476E51890769400AB3529 /* CoreGraphics.framework in Frameworks */ = {isa = PBXBuildFile; fileRef = A5F476E41890769400AB3529 /* CoreGraphics.framework */; };
		A5F476E71890769400AB3529 /* UIKit.framework in Frameworks */ = {isa = PBXBuildFile; fileRef = A5F476E61890769400AB3529 /* UIKit.framework */; };
		A5F476ED1890769400AB3529 /* InfoPlist.strings in Resources */ = {isa = PBXBuildFile; fileRef = A5F476EB1890769400AB3529 /* InfoPlist.strings */; };
		A5F476EF1890769400AB3529 /* main.m in Sources */ = {isa = PBXBuildFile; fileRef = A5F476EE1890769400AB3529 /* main.m */; };
		A5F476F31890769400AB3529 /* WBAppDelegate.m in Sources */ = {isa = PBXBuildFile; fileRef = A5F476F21890769400AB3529 /* WBAppDelegate.m */; };
		A5F476F61890769400AB3529 /* Main_iPhone.storyboard in Resources */ = {isa = PBXBuildFile; fileRef = A5F476F41890769400AB3529 /* Main_iPhone.storyboard */; };
		A5F476F91890769400AB3529 /* Main_iPad.storyboard in Resources */ = {isa = PBXBuildFile; fileRef = A5F476F71890769400AB3529 /* Main_iPad.storyboard */; };
		A5F477011890769400AB3529 /* Images.xcassets in Resources */ = {isa = PBXBuildFile; fileRef = A5F477001890769400AB3529 /* Images.xcassets */; };
		A5F477081890769400AB3529 /* XCTest.framework in Frameworks */ = {isa = PBXBuildFile; fileRef = A5F477071890769400AB3529 /* XCTest.framework */; };
		A5F477091890769400AB3529 /* Foundation.framework in Frameworks */ = {isa = PBXBuildFile; fileRef = A5F476E21890769400AB3529 /* Foundation.framework */; };
		A5F4770A1890769400AB3529 /* UIKit.framework in Frameworks */ = {isa = PBXBuildFile; fileRef = A5F476E61890769400AB3529 /* UIKit.framework */; };
		A5F477121890769400AB3529 /* InfoPlist.strings in Resources */ = {isa = PBXBuildFile; fileRef = A5F477101890769400AB3529 /* InfoPlist.strings */; };
		A5F477141890769400AB3529 /* WestBlueGolfTests.m in Sources */ = {isa = PBXBuildFile; fileRef = A5F477131890769400AB3529 /* WestBlueGolfTests.m */; };
		A5F4771E18907E5E00AB3529 /* CoreData.framework in Frameworks */ = {isa = PBXBuildFile; fileRef = A5F4771D18907E5E00AB3529 /* CoreData.framework */; };
		A5F4772918907F5000AB3529 /* WestBlueGolf.xcdatamodeld in Sources */ = {isa = PBXBuildFile; fileRef = A5F4772718907F5000AB3529 /* WestBlueGolf.xcdatamodeld */; };
/* End PBXBuildFile section */

/* Begin PBXContainerItemProxy section */
		A5F4770B1890769400AB3529 /* PBXContainerItemProxy */ = {
			isa = PBXContainerItemProxy;
			containerPortal = A5F476D71890769400AB3529 /* Project object */;
			proxyType = 1;
			remoteGlobalIDString = A5F476DE1890769400AB3529;
			remoteInfo = "West Blue Golf";
		};
/* End PBXContainerItemProxy section */

/* Begin PBXFileReference section */
		48B221B018B034B400F2DD99 /* WBProfileTableViewController.h */ = {isa = PBXFileReference; fileEncoding = 4; lastKnownFileType = sourcecode.c.h; path = WBProfileTableViewController.h; sourceTree = "<group>"; };
		48B221B118B034B400F2DD99 /* WBProfileTableViewController.m */ = {isa = PBXFileReference; fileEncoding = 4; lastKnownFileType = sourcecode.c.objc; path = WBProfileTableViewController.m; sourceTree = "<group>"; };
		48B221B318B03D8600F2DD99 /* WBModels.h */ = {isa = PBXFileReference; fileEncoding = 4; lastKnownFileType = sourcecode.c.h; path = WBModels.h; sourceTree = "<group>"; };
		48B221B418B1D57B00F2DD99 /* WBPlayersTableViewController.h */ = {isa = PBXFileReference; fileEncoding = 4; lastKnownFileType = sourcecode.c.h; path = WBPlayersTableViewController.h; sourceTree = "<group>"; };
		48B221B518B1D57B00F2DD99 /* WBPlayersTableViewController.m */ = {isa = PBXFileReference; fileEncoding = 4; lastKnownFileType = sourcecode.c.objc; path = WBPlayersTableViewController.m; sourceTree = "<group>"; };
		48B221B718B1EB2000F2DD99 /* WBResultTableViewCell.h */ = {isa = PBXFileReference; fileEncoding = 4; lastKnownFileType = sourcecode.c.h; path = WBResultTableViewCell.h; sourceTree = "<group>"; };
		48B221B818B1EB2000F2DD99 /* WBResultTableViewCell.m */ = {isa = PBXFileReference; fileEncoding = 4; lastKnownFileType = sourcecode.c.objc; path = WBResultTableViewCell.m; sourceTree = "<group>"; };
		A50E160518972418008933A5 /* _WBCaptain.h */ = {isa = PBXFileReference; fileEncoding = 4; lastKnownFileType = sourcecode.c.h; name = _WBCaptain.h; path = Model/_WBCaptain.h; sourceTree = "<group>"; };
		A50E160618972418008933A5 /* _WBCaptain.m */ = {isa = PBXFileReference; fileEncoding = 4; lastKnownFileType = sourcecode.c.objc; name = _WBCaptain.m; path = Model/_WBCaptain.m; sourceTree = "<group>"; };
		A50E160718972418008933A5 /* _WBCourse.h */ = {isa = PBXFileReference; fileEncoding = 4; lastKnownFileType = sourcecode.c.h; name = _WBCourse.h; path = Model/_WBCourse.h; sourceTree = "<group>"; };
		A50E160818972418008933A5 /* _WBCourse.m */ = {isa = PBXFileReference; fileEncoding = 4; lastKnownFileType = sourcecode.c.objc; name = _WBCourse.m; path = Model/_WBCourse.m; sourceTree = "<group>"; };
		A50E160918972418008933A5 /* _WBMatch.h */ = {isa = PBXFileReference; fileEncoding = 4; lastKnownFileType = sourcecode.c.h; name = _WBMatch.h; path = Model/_WBMatch.h; sourceTree = "<group>"; };
		A50E160A18972418008933A5 /* _WBMatch.m */ = {isa = PBXFileReference; fileEncoding = 4; lastKnownFileType = sourcecode.c.objc; name = _WBMatch.m; path = Model/_WBMatch.m; sourceTree = "<group>"; };
		A50E160B18972418008933A5 /* _WBPlayer.h */ = {isa = PBXFileReference; fileEncoding = 4; lastKnownFileType = sourcecode.c.h; name = _WBPlayer.h; path = Model/_WBPlayer.h; sourceTree = "<group>"; };
		A50E160C18972418008933A5 /* _WBPlayer.m */ = {isa = PBXFileReference; fileEncoding = 4; lastKnownFileType = sourcecode.c.objc; name = _WBPlayer.m; path = Model/_WBPlayer.m; sourceTree = "<group>"; };
		A50E160D18972418008933A5 /* _WBPlayerYearData.h */ = {isa = PBXFileReference; fileEncoding = 4; lastKnownFileType = sourcecode.c.h; name = _WBPlayerYearData.h; path = Model/_WBPlayerYearData.h; sourceTree = "<group>"; };
		A50E160E18972418008933A5 /* _WBPlayerYearData.m */ = {isa = PBXFileReference; fileEncoding = 4; lastKnownFileType = sourcecode.c.objc; name = _WBPlayerYearData.m; path = Model/_WBPlayerYearData.m; sourceTree = "<group>"; };
		A50E160F18972418008933A5 /* _WBResult.h */ = {isa = PBXFileReference; fileEncoding = 4; lastKnownFileType = sourcecode.c.h; name = _WBResult.h; path = Model/_WBResult.h; sourceTree = "<group>"; };
		A50E161018972418008933A5 /* _WBResult.m */ = {isa = PBXFileReference; fileEncoding = 4; lastKnownFileType = sourcecode.c.objc; name = _WBResult.m; path = Model/_WBResult.m; sourceTree = "<group>"; };
		A50E161118972418008933A5 /* _WBTeam.h */ = {isa = PBXFileReference; fileEncoding = 4; lastKnownFileType = sourcecode.c.h; name = _WBTeam.h; path = Model/_WBTeam.h; sourceTree = "<group>"; };
		A50E161218972418008933A5 /* _WBTeam.m */ = {isa = PBXFileReference; fileEncoding = 4; lastKnownFileType = sourcecode.c.objc; name = _WBTeam.m; path = Model/_WBTeam.m; sourceTree = "<group>"; };
		A50E161318972418008933A5 /* _WBTeamMatchup.h */ = {isa = PBXFileReference; fileEncoding = 4; lastKnownFileType = sourcecode.c.h; name = _WBTeamMatchup.h; path = Model/_WBTeamMatchup.h; sourceTree = "<group>"; };
		A50E161418972418008933A5 /* _WBTeamMatchup.m */ = {isa = PBXFileReference; fileEncoding = 4; lastKnownFileType = sourcecode.c.objc; name = _WBTeamMatchup.m; path = Model/_WBTeamMatchup.m; sourceTree = "<group>"; };
		A50E161518972418008933A5 /* _WBWeek.h */ = {isa = PBXFileReference; fileEncoding = 4; lastKnownFileType = sourcecode.c.h; name = _WBWeek.h; path = Model/_WBWeek.h; sourceTree = "<group>"; };
		A50E161618972418008933A5 /* _WBWeek.m */ = {isa = PBXFileReference; fileEncoding = 4; lastKnownFileType = sourcecode.c.objc; name = _WBWeek.m; path = Model/_WBWeek.m; sourceTree = "<group>"; };
		A50E161718972418008933A5 /* _WBYear.h */ = {isa = PBXFileReference; fileEncoding = 4; lastKnownFileType = sourcecode.c.h; name = _WBYear.h; path = Model/_WBYear.h; sourceTree = "<group>"; };
		A50E161818972418008933A5 /* _WBYear.m */ = {isa = PBXFileReference; fileEncoding = 4; lastKnownFileType = sourcecode.c.objc; name = _WBYear.m; path = Model/_WBYear.m; sourceTree = "<group>"; };
		A50E161918972418008933A5 /* WBCaptain.h */ = {isa = PBXFileReference; fileEncoding = 4; lastKnownFileType = sourcecode.c.h; name = WBCaptain.h; path = Model/WBCaptain.h; sourceTree = "<group>"; };
		A50E161A18972418008933A5 /* WBCaptain.m */ = {isa = PBXFileReference; fileEncoding = 4; lastKnownFileType = sourcecode.c.objc; name = WBCaptain.m; path = Model/WBCaptain.m; sourceTree = "<group>"; };
		A50E161B18972418008933A5 /* WBCourse.h */ = {isa = PBXFileReference; fileEncoding = 4; lastKnownFileType = sourcecode.c.h; name = WBCourse.h; path = Model/WBCourse.h; sourceTree = "<group>"; };
		A50E161C18972418008933A5 /* WBCourse.m */ = {isa = PBXFileReference; fileEncoding = 4; lastKnownFileType = sourcecode.c.objc; name = WBCourse.m; path = Model/WBCourse.m; sourceTree = "<group>"; };
		A50E161D18972418008933A5 /* WBMatch.h */ = {isa = PBXFileReference; fileEncoding = 4; lastKnownFileType = sourcecode.c.h; name = WBMatch.h; path = Model/WBMatch.h; sourceTree = "<group>"; };
		A50E161E18972418008933A5 /* WBMatch.m */ = {isa = PBXFileReference; fileEncoding = 4; lastKnownFileType = sourcecode.c.objc; name = WBMatch.m; path = Model/WBMatch.m; sourceTree = "<group>"; };
		A50E161F18972418008933A5 /* WBPlayer.h */ = {isa = PBXFileReference; fileEncoding = 4; lastKnownFileType = sourcecode.c.h; name = WBPlayer.h; path = Model/WBPlayer.h; sourceTree = "<group>"; };
		A50E162018972418008933A5 /* WBPlayer.m */ = {isa = PBXFileReference; fileEncoding = 4; lastKnownFileType = sourcecode.c.objc; name = WBPlayer.m; path = Model/WBPlayer.m; sourceTree = "<group>"; };
		A50E162118972418008933A5 /* WBPlayerYearData.h */ = {isa = PBXFileReference; fileEncoding = 4; lastKnownFileType = sourcecode.c.h; name = WBPlayerYearData.h; path = Model/WBPlayerYearData.h; sourceTree = "<group>"; };
		A50E162218972418008933A5 /* WBPlayerYearData.m */ = {isa = PBXFileReference; fileEncoding = 4; lastKnownFileType = sourcecode.c.objc; name = WBPlayerYearData.m; path = Model/WBPlayerYearData.m; sourceTree = "<group>"; };
		A50E162318972418008933A5 /* WBResult.h */ = {isa = PBXFileReference; fileEncoding = 4; lastKnownFileType = sourcecode.c.h; name = WBResult.h; path = Model/WBResult.h; sourceTree = "<group>"; };
		A50E162418972418008933A5 /* WBResult.m */ = {isa = PBXFileReference; fileEncoding = 4; lastKnownFileType = sourcecode.c.objc; name = WBResult.m; path = Model/WBResult.m; sourceTree = "<group>"; };
		A50E162518972418008933A5 /* WBTeam.h */ = {isa = PBXFileReference; fileEncoding = 4; lastKnownFileType = sourcecode.c.h; name = WBTeam.h; path = Model/WBTeam.h; sourceTree = "<group>"; };
		A50E162618972418008933A5 /* WBTeam.m */ = {isa = PBXFileReference; fileEncoding = 4; lastKnownFileType = sourcecode.c.objc; name = WBTeam.m; path = Model/WBTeam.m; sourceTree = "<group>"; };
		A50E162718972418008933A5 /* WBTeamMatchup.h */ = {isa = PBXFileReference; fileEncoding = 4; lastKnownFileType = sourcecode.c.h; name = WBTeamMatchup.h; path = Model/WBTeamMatchup.h; sourceTree = "<group>"; };
		A50E162818972418008933A5 /* WBTeamMatchup.m */ = {isa = PBXFileReference; fileEncoding = 4; lastKnownFileType = sourcecode.c.objc; name = WBTeamMatchup.m; path = Model/WBTeamMatchup.m; sourceTree = "<group>"; };
		A50E162918972418008933A5 /* WBWeek.h */ = {isa = PBXFileReference; fileEncoding = 4; lastKnownFileType = sourcecode.c.h; name = WBWeek.h; path = Model/WBWeek.h; sourceTree = "<group>"; };
		A50E162A18972418008933A5 /* WBWeek.m */ = {isa = PBXFileReference; fileEncoding = 4; lastKnownFileType = sourcecode.c.objc; name = WBWeek.m; path = Model/WBWeek.m; sourceTree = "<group>"; };
		A50E162B18972418008933A5 /* WBYear.h */ = {isa = PBXFileReference; fileEncoding = 4; lastKnownFileType = sourcecode.c.h; name = WBYear.h; path = Model/WBYear.h; sourceTree = "<group>"; };
		A50E162C18972418008933A5 /* WBYear.m */ = {isa = PBXFileReference; fileEncoding = 4; lastKnownFileType = sourcecode.c.objc; name = WBYear.m; path = Model/WBYear.m; sourceTree = "<group>"; };
		A52FC24A18A59FC1004C9580 /* WBCoreDataManager.h */ = {isa = PBXFileReference; fileEncoding = 4; lastKnownFileType = sourcecode.c.h; name = WBCoreDataManager.h; path = Model/WBCoreDataManager.h; sourceTree = "<group>"; };
		A52FC24B18A59FC1004C9580 /* WBCoreDataManager.m */ = {isa = PBXFileReference; fileEncoding = 4; lastKnownFileType = sourcecode.c.objc; name = WBCoreDataManager.m; path = Model/WBCoreDataManager.m; sourceTree = "<group>"; };
		A52FC24D18A5A324004C9580 /* WBFileSystem.h */ = {isa = PBXFileReference; fileEncoding = 4; lastKnownFileType = sourcecode.c.h; path = WBFileSystem.h; sourceTree = "<group>"; };
		A52FC24E18A5A324004C9580 /* WBFileSystem.m */ = {isa = PBXFileReference; fileEncoding = 4; lastKnownFileType = sourcecode.c.objc; path = WBFileSystem.m; sourceTree = "<group>"; };
		A5F476DF1890769400AB3529 /* WestBlueGolf.app */ = {isa = PBXFileReference; explicitFileType = wrapper.application; includeInIndex = 0; path = WestBlueGolf.app; sourceTree = BUILT_PRODUCTS_DIR; };
		A5F476E21890769400AB3529 /* Foundation.framework */ = {isa = PBXFileReference; lastKnownFileType = wrapper.framework; name = Foundation.framework; path = System/Library/Frameworks/Foundation.framework; sourceTree = SDKROOT; };
		A5F476E41890769400AB3529 /* CoreGraphics.framework */ = {isa = PBXFileReference; lastKnownFileType = wrapper.framework; name = CoreGraphics.framework; path = System/Library/Frameworks/CoreGraphics.framework; sourceTree = SDKROOT; };
		A5F476E61890769400AB3529 /* UIKit.framework */ = {isa = PBXFileReference; lastKnownFileType = wrapper.framework; name = UIKit.framework; path = System/Library/Frameworks/UIKit.framework; sourceTree = SDKROOT; };
		A5F476EA1890769400AB3529 /* WestBlueGolf-Info.plist */ = {isa = PBXFileReference; lastKnownFileType = text.plist.xml; path = "WestBlueGolf-Info.plist"; sourceTree = "<group>"; };
		A5F476EC1890769400AB3529 /* en */ = {isa = PBXFileReference; lastKnownFileType = text.plist.strings; name = en; path = en.lproj/InfoPlist.strings; sourceTree = "<group>"; };
		A5F476EE1890769400AB3529 /* main.m */ = {isa = PBXFileReference; lastKnownFileType = sourcecode.c.objc; path = main.m; sourceTree = "<group>"; };
		A5F476F01890769400AB3529 /* WestBlueGolf-Prefix.pch */ = {isa = PBXFileReference; lastKnownFileType = sourcecode.c.h; path = "WestBlueGolf-Prefix.pch"; sourceTree = "<group>"; };
		A5F476F11890769400AB3529 /* WBAppDelegate.h */ = {isa = PBXFileReference; lastKnownFileType = sourcecode.c.h; path = WBAppDelegate.h; sourceTree = "<group>"; };
		A5F476F21890769400AB3529 /* WBAppDelegate.m */ = {isa = PBXFileReference; lastKnownFileType = sourcecode.c.objc; path = WBAppDelegate.m; sourceTree = "<group>"; };
		A5F476F51890769400AB3529 /* Base */ = {isa = PBXFileReference; lastKnownFileType = file.storyboard; name = Base; path = Base.lproj/Main_iPhone.storyboard; sourceTree = "<group>"; };
		A5F476F81890769400AB3529 /* Base */ = {isa = PBXFileReference; lastKnownFileType = file.storyboard; name = Base; path = Base.lproj/Main_iPad.storyboard; sourceTree = "<group>"; };
		A5F477001890769400AB3529 /* Images.xcassets */ = {isa = PBXFileReference; lastKnownFileType = folder.assetcatalog; path = Images.xcassets; sourceTree = "<group>"; };
		A5F477061890769400AB3529 /* WestBlueGolfTests.xctest */ = {isa = PBXFileReference; explicitFileType = wrapper.cfbundle; includeInIndex = 0; path = WestBlueGolfTests.xctest; sourceTree = BUILT_PRODUCTS_DIR; };
		A5F477071890769400AB3529 /* XCTest.framework */ = {isa = PBXFileReference; lastKnownFileType = wrapper.framework; name = XCTest.framework; path = Library/Frameworks/XCTest.framework; sourceTree = DEVELOPER_DIR; };
		A5F4770F1890769400AB3529 /* WestBlueGolfTests-Info.plist */ = {isa = PBXFileReference; lastKnownFileType = text.plist.xml; path = "WestBlueGolfTests-Info.plist"; sourceTree = "<group>"; };
		A5F477111890769400AB3529 /* en */ = {isa = PBXFileReference; lastKnownFileType = text.plist.strings; name = en; path = en.lproj/InfoPlist.strings; sourceTree = "<group>"; };
		A5F477131890769400AB3529 /* WestBlueGolfTests.m */ = {isa = PBXFileReference; lastKnownFileType = sourcecode.c.objc; path = WestBlueGolfTests.m; sourceTree = "<group>"; };
		A5F4771D18907E5E00AB3529 /* CoreData.framework */ = {isa = PBXFileReference; lastKnownFileType = wrapper.framework; name = CoreData.framework; path = System/Library/Frameworks/CoreData.framework; sourceTree = SDKROOT; };
		A5F4772818907F5000AB3529 /* WestBlueGolf.xcdatamodel */ = {isa = PBXFileReference; lastKnownFileType = wrapper.xcdatamodel; path = WestBlueGolf.xcdatamodel; sourceTree = "<group>"; };
/* End PBXFileReference section */

/* Begin PBXFrameworksBuildPhase section */
		A5F476DC1890769400AB3529 /* Frameworks */ = {
			isa = PBXFrameworksBuildPhase;
			buildActionMask = 2147483647;
			files = (
				A5F4771E18907E5E00AB3529 /* CoreData.framework in Frameworks */,
				A5F476E51890769400AB3529 /* CoreGraphics.framework in Frameworks */,
				A5F476E71890769400AB3529 /* UIKit.framework in Frameworks */,
				A5F476E31890769400AB3529 /* Foundation.framework in Frameworks */,
			);
			runOnlyForDeploymentPostprocessing = 0;
		};
		A5F477031890769400AB3529 /* Frameworks */ = {
			isa = PBXFrameworksBuildPhase;
			buildActionMask = 2147483647;
			files = (
				A5F477081890769400AB3529 /* XCTest.framework in Frameworks */,
				A5F4770A1890769400AB3529 /* UIKit.framework in Frameworks */,
				A5F477091890769400AB3529 /* Foundation.framework in Frameworks */,
			);
			runOnlyForDeploymentPostprocessing = 0;
		};
/* End PBXFrameworksBuildPhase section */

/* Begin PBXGroup section */
		A50E160418972400008933A5 /* Model */ = {
			isa = PBXGroup;
			children = (
				A50E1641189726F4008933A5 /* Private */,
				48B221B318B03D8600F2DD99 /* WBModels.h */,
				A50E161918972418008933A5 /* WBCaptain.h */,
				A50E161A18972418008933A5 /* WBCaptain.m */,
				A52FC24A18A59FC1004C9580 /* WBCoreDataManager.h */,
				A52FC24B18A59FC1004C9580 /* WBCoreDataManager.m */,
				A50E161B18972418008933A5 /* WBCourse.h */,
				A50E161C18972418008933A5 /* WBCourse.m */,
				A50E161D18972418008933A5 /* WBMatch.h */,
				A50E161E18972418008933A5 /* WBMatch.m */,
				A50E161F18972418008933A5 /* WBPlayer.h */,
				A50E162018972418008933A5 /* WBPlayer.m */,
				A50E162118972418008933A5 /* WBPlayerYearData.h */,
				A50E162218972418008933A5 /* WBPlayerYearData.m */,
				A50E162318972418008933A5 /* WBResult.h */,
				A50E162418972418008933A5 /* WBResult.m */,
				A50E162518972418008933A5 /* WBTeam.h */,
				A50E162618972418008933A5 /* WBTeam.m */,
				A50E162718972418008933A5 /* WBTeamMatchup.h */,
				A50E162818972418008933A5 /* WBTeamMatchup.m */,
				A50E162918972418008933A5 /* WBWeek.h */,
				A50E162A18972418008933A5 /* WBWeek.m */,
				A50E162B18972418008933A5 /* WBYear.h */,
				A50E162C18972418008933A5 /* WBYear.m */,
			);
			name = Model;
			sourceTree = "<group>";
		};
		A50E1641189726F4008933A5 /* Private */ = {
			isa = PBXGroup;
			children = (
				A50E160518972418008933A5 /* _WBCaptain.h */,
				A50E160618972418008933A5 /* _WBCaptain.m */,
				A50E160718972418008933A5 /* _WBCourse.h */,
				A50E160818972418008933A5 /* _WBCourse.m */,
				A50E160918972418008933A5 /* _WBMatch.h */,
				A50E160A18972418008933A5 /* _WBMatch.m */,
				A50E160B18972418008933A5 /* _WBPlayer.h */,
				A50E160C18972418008933A5 /* _WBPlayer.m */,
				A50E160D18972418008933A5 /* _WBPlayerYearData.h */,
				A50E160E18972418008933A5 /* _WBPlayerYearData.m */,
				A50E160F18972418008933A5 /* _WBResult.h */,
				A50E161018972418008933A5 /* _WBResult.m */,
				A50E161118972418008933A5 /* _WBTeam.h */,
				A50E161218972418008933A5 /* _WBTeam.m */,
				A50E161318972418008933A5 /* _WBTeamMatchup.h */,
				A50E161418972418008933A5 /* _WBTeamMatchup.m */,
				A50E161518972418008933A5 /* _WBWeek.h */,
				A50E161618972418008933A5 /* _WBWeek.m */,
				A50E161718972418008933A5 /* _WBYear.h */,
				A50E161818972418008933A5 /* _WBYear.m */,
			);
			name = Private;
			sourceTree = "<group>";
		};
		A5F476D61890769400AB3529 = {
			isa = PBXGroup;
			children = (
				A5F476E81890769400AB3529 /* WestBlueGolf */,
				A5F4770D1890769400AB3529 /* WestBlueGolfTests */,
				A5F476E11890769400AB3529 /* Frameworks */,
				A5F476E01890769400AB3529 /* Products */,
			);
			sourceTree = "<group>";
		};
		A5F476E01890769400AB3529 /* Products */ = {
			isa = PBXGroup;
			children = (
				A5F476DF1890769400AB3529 /* WestBlueGolf.app */,
				A5F477061890769400AB3529 /* WestBlueGolfTests.xctest */,
			);
			name = Products;
			sourceTree = "<group>";
		};
		A5F476E11890769400AB3529 /* Frameworks */ = {
			isa = PBXGroup;
			children = (
				A5F4771D18907E5E00AB3529 /* CoreData.framework */,
				A5F476E21890769400AB3529 /* Foundation.framework */,
				A5F476E41890769400AB3529 /* CoreGraphics.framework */,
				A5F476E61890769400AB3529 /* UIKit.framework */,
				A5F477071890769400AB3529 /* XCTest.framework */,
			);
			name = Frameworks;
			sourceTree = "<group>";
		};
		A5F476E81890769400AB3529 /* WestBlueGolf */ = {
			isa = PBXGroup;
			children = (
				A5F4772218907ECD00AB3529 /* PlayerProfile */,
				A5F4772318907EDD00AB3529 /* TeamProfile */,
				A5F4772418907EE500AB3529 /* Leaderboards */,
				A5F4772518907EED00AB3529 /* Info */,
				A50E160418972400008933A5 /* Model */,
				A5F476F11890769400AB3529 /* WBAppDelegate.h */,
				A5F476F21890769400AB3529 /* WBAppDelegate.m */,
				A52FC24D18A5A324004C9580 /* WBFileSystem.h */,
				A52FC24E18A5A324004C9580 /* WBFileSystem.m */,
				A5F4772718907F5000AB3529 /* WestBlueGolf.xcdatamodeld */,
				A5F477001890769400AB3529 /* Images.xcassets */,
				A5F476F41890769400AB3529 /* Main_iPhone.storyboard */,
				A5F476F71890769400AB3529 /* Main_iPad.storyboard */,
				A5F476E91890769400AB3529 /* Supporting Files */,
			);
			path = WestBlueGolf;
			sourceTree = "<group>";
		};
		A5F476E91890769400AB3529 /* Supporting Files */ = {
			isa = PBXGroup;
			children = (
				A5F476EA1890769400AB3529 /* WestBlueGolf-Info.plist */,
				A5F476EB1890769400AB3529 /* InfoPlist.strings */,
				A5F476EE1890769400AB3529 /* main.m */,
				A5F476F01890769400AB3529 /* WestBlueGolf-Prefix.pch */,
			);
			name = "Supporting Files";
			sourceTree = "<group>";
		};
		A5F4770D1890769400AB3529 /* WestBlueGolfTests */ = {
			isa = PBXGroup;
			children = (
				A5F477131890769400AB3529 /* WestBlueGolfTests.m */,
				A5F4770E1890769400AB3529 /* Supporting Files */,
			);
			path = WestBlueGolfTests;
			sourceTree = "<group>";
		};
		A5F4770E1890769400AB3529 /* Supporting Files */ = {
			isa = PBXGroup;
			children = (
				A5F4770F1890769400AB3529 /* WestBlueGolfTests-Info.plist */,
				A5F477101890769400AB3529 /* InfoPlist.strings */,
			);
			name = "Supporting Files";
			sourceTree = "<group>";
		};
		A5F4772218907ECD00AB3529 /* PlayerProfile */ = {
			isa = PBXGroup;
			children = (
				48B221B418B1D57B00F2DD99 /* WBPlayersTableViewController.h */,
				48B221B518B1D57B00F2DD99 /* WBPlayersTableViewController.m */,
				48B221B018B034B400F2DD99 /* WBProfileTableViewController.h */,
				48B221B118B034B400F2DD99 /* WBProfileTableViewController.m */,
				48B221B718B1EB2000F2DD99 /* WBResultTableViewCell.h */,
				48B221B818B1EB2000F2DD99 /* WBResultTableViewCell.m */,
			);
			name = PlayerProfile;
			sourceTree = "<group>";
		};
		A5F4772318907EDD00AB3529 /* TeamProfile */ = {
			isa = PBXGroup;
			children = (
			);
			name = TeamProfile;
			sourceTree = "<group>";
		};
		A5F4772418907EE500AB3529 /* Leaderboards */ = {
			isa = PBXGroup;
			children = (
			);
			name = Leaderboards;
			sourceTree = "<group>";
		};
		A5F4772518907EED00AB3529 /* Info */ = {
			isa = PBXGroup;
			children = (
			);
			name = Info;
			sourceTree = "<group>";
		};
/* End PBXGroup section */

/* Begin PBXNativeTarget section */
		A5F476DE1890769400AB3529 /* WestBlueGolf */ = {
			isa = PBXNativeTarget;
			buildConfigurationList = A5F477171890769400AB3529 /* Build configuration list for PBXNativeTarget "WestBlueGolf" */;
			buildPhases = (
				A5F476DB1890769400AB3529 /* Sources */,
				A5F476DC1890769400AB3529 /* Frameworks */,
				A5F476DD1890769400AB3529 /* Resources */,
			);
			buildRules = (
			);
			dependencies = (
			);
			name = WestBlueGolf;
			productName = "West Blue Golf";
			productReference = A5F476DF1890769400AB3529 /* WestBlueGolf.app */;
			productType = "com.apple.product-type.application";
		};
		A5F477051890769400AB3529 /* WestBlueGolfTests */ = {
			isa = PBXNativeTarget;
			buildConfigurationList = A5F4771A1890769400AB3529 /* Build configuration list for PBXNativeTarget "WestBlueGolfTests" */;
			buildPhases = (
				A5F477021890769400AB3529 /* Sources */,
				A5F477031890769400AB3529 /* Frameworks */,
				A5F477041890769400AB3529 /* Resources */,
			);
			buildRules = (
			);
			dependencies = (
				A5F4770C1890769400AB3529 /* PBXTargetDependency */,
			);
			name = WestBlueGolfTests;
			productName = "West Blue GolfTests";
			productReference = A5F477061890769400AB3529 /* WestBlueGolfTests.xctest */;
			productType = "com.apple.product-type.bundle.unit-test";
		};
/* End PBXNativeTarget section */

/* Begin PBXProject section */
		A5F476D71890769400AB3529 /* Project object */ = {
			isa = PBXProject;
			attributes = {
				CLASSPREFIX = WB;
				LastUpgradeCheck = 0500;
				ORGANIZATIONNAME = "Mike Harlow";
				TargetAttributes = {
					A5F477051890769400AB3529 = {
						TestTargetID = A5F476DE1890769400AB3529;
					};
				};
			};
			buildConfigurationList = A5F476DA1890769400AB3529 /* Build configuration list for PBXProject "WestBlueGolf" */;
			compatibilityVersion = "Xcode 3.2";
			developmentRegion = English;
			hasScannedForEncodings = 0;
			knownRegions = (
				en,
				Base,
			);
			mainGroup = A5F476D61890769400AB3529;
			productRefGroup = A5F476E01890769400AB3529 /* Products */;
			projectDirPath = "";
			projectRoot = "";
			targets = (
				A5F476DE1890769400AB3529 /* WestBlueGolf */,
				A5F477051890769400AB3529 /* WestBlueGolfTests */,
			);
		};
/* End PBXProject section */

/* Begin PBXResourcesBuildPhase section */
		A5F476DD1890769400AB3529 /* Resources */ = {
			isa = PBXResourcesBuildPhase;
			buildActionMask = 2147483647;
			files = (
				A5F476F91890769400AB3529 /* Main_iPad.storyboard in Resources */,
				A5F477011890769400AB3529 /* Images.xcassets in Resources */,
				A5F476F61890769400AB3529 /* Main_iPhone.storyboard in Resources */,
				A5F476ED1890769400AB3529 /* InfoPlist.strings in Resources */,
			);
			runOnlyForDeploymentPostprocessing = 0;
		};
		A5F477041890769400AB3529 /* Resources */ = {
			isa = PBXResourcesBuildPhase;
			buildActionMask = 2147483647;
			files = (
				A5F477121890769400AB3529 /* InfoPlist.strings in Resources */,
			);
			runOnlyForDeploymentPostprocessing = 0;
		};
/* End PBXResourcesBuildPhase section */

/* Begin PBXSourcesBuildPhase section */
		A5F476DB1890769400AB3529 /* Sources */ = {
			isa = PBXSourcesBuildPhase;
			buildActionMask = 2147483647;
			files = (
				48B221B618B1D57B00F2DD99 /* WBPlayersTableViewController.m in Sources */,
				A50E163818972418008933A5 /* WBCourse.m in Sources */,
				A5F476EF1890769400AB3529 /* main.m in Sources */,
				A50E162D18972418008933A5 /* _WBCaptain.m in Sources */,
				A52FC24C18A59FC1004C9580 /* WBCoreDataManager.m in Sources */,
				A50E162F18972418008933A5 /* _WBMatch.m in Sources */,
				A5F4772918907F5000AB3529 /* WestBlueGolf.xcdatamodeld in Sources */,
				A50E163618972418008933A5 /* _WBYear.m in Sources */,
				A50E163518972418008933A5 /* _WBWeek.m in Sources */,
				A50E163F18972418008933A5 /* WBWeek.m in Sources */,
				A50E162E18972418008933A5 /* _WBCourse.m in Sources */,
				A50E163218972418008933A5 /* _WBResult.m in Sources */,
				A50E163318972418008933A5 /* _WBTeam.m in Sources */,
				A50E163D18972418008933A5 /* WBTeam.m in Sources */,
				A50E163C18972418008933A5 /* WBResult.m in Sources */,
				A50E163A18972418008933A5 /* WBPlayer.m in Sources */,
				A50E164018972418008933A5 /* WBYear.m in Sources */,
				A50E163118972418008933A5 /* _WBPlayerYearData.m in Sources */,
				A52FC24F18A5A324004C9580 /* WBFileSystem.m in Sources */,
				48B221B918B1EB2000F2DD99 /* WBResultTableViewCell.m in Sources */,
				A50E163418972418008933A5 /* _WBTeamMatchup.m in Sources */,
				A50E163018972418008933A5 /* _WBPlayer.m in Sources */,
				A5F476F31890769400AB3529 /* WBAppDelegate.m in Sources */,
				A50E163E18972418008933A5 /* WBTeamMatchup.m in Sources */,
				48B221B218B034B400F2DD99 /* WBProfileTableViewController.m in Sources */,
				A50E163918972418008933A5 /* WBMatch.m in Sources */,
				A50E163B18972418008933A5 /* WBPlayerYearData.m in Sources */,
				A50E163718972418008933A5 /* WBCaptain.m in Sources */,
			);
			runOnlyForDeploymentPostprocessing = 0;
		};
		A5F477021890769400AB3529 /* Sources */ = {
			isa = PBXSourcesBuildPhase;
			buildActionMask = 2147483647;
			files = (
				A5F477141890769400AB3529 /* WestBlueGolfTests.m in Sources */,
			);
			runOnlyForDeploymentPostprocessing = 0;
		};
/* End PBXSourcesBuildPhase section */

/* Begin PBXTargetDependency section */
		A5F4770C1890769400AB3529 /* PBXTargetDependency */ = {
			isa = PBXTargetDependency;
			target = A5F476DE1890769400AB3529 /* WestBlueGolf */;
			targetProxy = A5F4770B1890769400AB3529 /* PBXContainerItemProxy */;
		};
/* End PBXTargetDependency section */

/* Begin PBXVariantGroup section */
		A5F476EB1890769400AB3529 /* InfoPlist.strings */ = {
			isa = PBXVariantGroup;
			children = (
				A5F476EC1890769400AB3529 /* en */,
			);
			name = InfoPlist.strings;
			sourceTree = "<group>";
		};
		A5F476F41890769400AB3529 /* Main_iPhone.storyboard */ = {
			isa = PBXVariantGroup;
			children = (
				A5F476F51890769400AB3529 /* Base */,
			);
			name = Main_iPhone.storyboard;
			sourceTree = "<group>";
		};
		A5F476F71890769400AB3529 /* Main_iPad.storyboard */ = {
			isa = PBXVariantGroup;
			children = (
				A5F476F81890769400AB3529 /* Base */,
			);
			name = Main_iPad.storyboard;
			sourceTree = "<group>";
		};
		A5F477101890769400AB3529 /* InfoPlist.strings */ = {
			isa = PBXVariantGroup;
			children = (
				A5F477111890769400AB3529 /* en */,
			);
			name = InfoPlist.strings;
			sourceTree = "<group>";
		};
/* End PBXVariantGroup section */

/* Begin XCBuildConfiguration section */
		A5F477151890769400AB3529 /* Debug */ = {
			isa = XCBuildConfiguration;
			buildSettings = {
				ALWAYS_SEARCH_USER_PATHS = NO;
				ARCHS = "$(ARCHS_STANDARD_INCLUDING_64_BIT)";
				CLANG_CXX_LANGUAGE_STANDARD = "gnu++0x";
				CLANG_CXX_LIBRARY = "libc++";
				CLANG_ENABLE_MODULES = YES;
				CLANG_ENABLE_OBJC_ARC = YES;
				CLANG_WARN_BOOL_CONVERSION = YES;
				CLANG_WARN_CONSTANT_CONVERSION = YES;
				CLANG_WARN_DIRECT_OBJC_ISA_USAGE = YES_ERROR;
				CLANG_WARN_EMPTY_BODY = YES;
				CLANG_WARN_ENUM_CONVERSION = YES;
				CLANG_WARN_INT_CONVERSION = YES;
				CLANG_WARN_OBJC_ROOT_CLASS = YES_ERROR;
				CLANG_WARN__DUPLICATE_METHOD_MATCH = YES;
				"CODE_SIGN_IDENTITY[sdk=iphoneos*]" = "iPhone Developer";
				COPY_PHASE_STRIP = NO;
				GCC_C_LANGUAGE_STANDARD = gnu99;
				GCC_DYNAMIC_NO_PIC = NO;
				GCC_OPTIMIZATION_LEVEL = 0;
				GCC_PREPROCESSOR_DEFINITIONS = (
					"DEBUG=1",
					"$(inherited)",
				);
				GCC_SYMBOLS_PRIVATE_EXTERN = NO;
				GCC_WARN_64_TO_32_BIT_CONVERSION = YES;
				GCC_WARN_ABOUT_RETURN_TYPE = YES_ERROR;
				GCC_WARN_UNDECLARED_SELECTOR = YES;
				GCC_WARN_UNINITIALIZED_AUTOS = YES;
				GCC_WARN_UNUSED_FUNCTION = YES;
				GCC_WARN_UNUSED_VARIABLE = YES;
				IPHONEOS_DEPLOYMENT_TARGET = 7.0;
				ONLY_ACTIVE_ARCH = YES;
				SDKROOT = iphoneos;
				TARGETED_DEVICE_FAMILY = "1,2";
			};
			name = Debug;
		};
		A5F477161890769400AB3529 /* Release */ = {
			isa = XCBuildConfiguration;
			buildSettings = {
				ALWAYS_SEARCH_USER_PATHS = NO;
				ARCHS = "$(ARCHS_STANDARD_INCLUDING_64_BIT)";
				CLANG_CXX_LANGUAGE_STANDARD = "gnu++0x";
				CLANG_CXX_LIBRARY = "libc++";
				CLANG_ENABLE_MODULES = YES;
				CLANG_ENABLE_OBJC_ARC = YES;
				CLANG_WARN_BOOL_CONVERSION = YES;
				CLANG_WARN_CONSTANT_CONVERSION = YES;
				CLANG_WARN_DIRECT_OBJC_ISA_USAGE = YES_ERROR;
				CLANG_WARN_EMPTY_BODY = YES;
				CLANG_WARN_ENUM_CONVERSION = YES;
				CLANG_WARN_INT_CONVERSION = YES;
				CLANG_WARN_OBJC_ROOT_CLASS = YES_ERROR;
				CLANG_WARN__DUPLICATE_METHOD_MATCH = YES;
				"CODE_SIGN_IDENTITY[sdk=iphoneos*]" = "iPhone Developer";
				COPY_PHASE_STRIP = YES;
				ENABLE_NS_ASSERTIONS = NO;
				GCC_C_LANGUAGE_STANDARD = gnu99;
				GCC_WARN_64_TO_32_BIT_CONVERSION = YES;
				GCC_WARN_ABOUT_RETURN_TYPE = YES_ERROR;
				GCC_WARN_UNDECLARED_SELECTOR = YES;
				GCC_WARN_UNINITIALIZED_AUTOS = YES;
				GCC_WARN_UNUSED_FUNCTION = YES;
				GCC_WARN_UNUSED_VARIABLE = YES;
				IPHONEOS_DEPLOYMENT_TARGET = 7.0;
				SDKROOT = iphoneos;
				TARGETED_DEVICE_FAMILY = "1,2";
				VALIDATE_PRODUCT = YES;
			};
			name = Release;
		};
		A5F477181890769400AB3529 /* Debug */ = {
			isa = XCBuildConfiguration;
			buildSettings = {
				ASSETCATALOG_COMPILER_APPICON_NAME = AppIcon;
				ASSETCATALOG_COMPILER_LAUNCHIMAGE_NAME = LaunchImage;
				GCC_PRECOMPILE_PREFIX_HEADER = YES;
				GCC_PREFIX_HEADER = "WestBlueGolf/WestBlueGolf-Prefix.pch";
				INFOPLIST_FILE = "WestBlueGolf/WestBlueGolf-Info.plist";
				PRODUCT_NAME = WestBlueGolf;
				WRAPPER_EXTENSION = app;
			};
			name = Debug;
		};
		A5F477191890769400AB3529 /* Release */ = {
			isa = XCBuildConfiguration;
			buildSettings = {
				ASSETCATALOG_COMPILER_APPICON_NAME = AppIcon;
				ASSETCATALOG_COMPILER_LAUNCHIMAGE_NAME = LaunchImage;
				GCC_PRECOMPILE_PREFIX_HEADER = YES;
				GCC_PREFIX_HEADER = "WestBlueGolf/WestBlueGolf-Prefix.pch";
				INFOPLIST_FILE = "WestBlueGolf/WestBlueGolf-Info.plist";
				PRODUCT_NAME = WestBlueGolf;
				WRAPPER_EXTENSION = app;
			};
			name = Release;
		};
		A5F4771B1890769400AB3529 /* Debug */ = {
			isa = XCBuildConfiguration;
			buildSettings = {
				ARCHS = "$(ARCHS_STANDARD_INCLUDING_64_BIT)";
				BUNDLE_LOADER = "$(BUILT_PRODUCTS_DIR)/West Blue Golf.app/West Blue Golf";
				FRAMEWORK_SEARCH_PATHS = (
					"$(SDKROOT)/Developer/Library/Frameworks",
					"$(inherited)",
					"$(DEVELOPER_FRAMEWORKS_DIR)",
				);
				GCC_PRECOMPILE_PREFIX_HEADER = YES;
				GCC_PREFIX_HEADER = "West Blue Golf/West Blue Golf-Prefix.pch";
				GCC_PREPROCESSOR_DEFINITIONS = (
					"DEBUG=1",
					"$(inherited)",
				);
				INFOPLIST_FILE = "West Blue GolfTests/WestBlueGolfTests-Info.plist";
				PRODUCT_NAME = WestBlueGolfTests;
				TEST_HOST = "$(BUNDLE_LOADER)";
				WRAPPER_EXTENSION = xctest;
			};
			name = Debug;
		};
		A5F4771C1890769400AB3529 /* Release */ = {
			isa = XCBuildConfiguration;
			buildSettings = {
				ARCHS = "$(ARCHS_STANDARD_INCLUDING_64_BIT)";
				BUNDLE_LOADER = "$(BUILT_PRODUCTS_DIR)/West Blue Golf.app/West Blue Golf";
				FRAMEWORK_SEARCH_PATHS = (
					"$(SDKROOT)/Developer/Library/Frameworks",
					"$(inherited)",
					"$(DEVELOPER_FRAMEWORKS_DIR)",
				);
				GCC_PRECOMPILE_PREFIX_HEADER = YES;
				GCC_PREFIX_HEADER = "West Blue Golf/West Blue Golf-Prefix.pch";
				INFOPLIST_FILE = "West Blue GolfTests/WestBlueGolfTests-Info.plist";
				PRODUCT_NAME = WestBlueGolfTests;
				TEST_HOST = "$(BUNDLE_LOADER)";
				WRAPPER_EXTENSION = xctest;
			};
			name = Release;
		};
/* End XCBuildConfiguration section */

/* Begin XCConfigurationList section */
		A5F476DA1890769400AB3529 /* Build configuration list for PBXProject "WestBlueGolf" */ = {
			isa = XCConfigurationList;
			buildConfigurations = (
				A5F477151890769400AB3529 /* Debug */,
				A5F477161890769400AB3529 /* Release */,
			);
			defaultConfigurationIsVisible = 0;
			defaultConfigurationName = Release;
		};
		A5F477171890769400AB3529 /* Build configuration list for PBXNativeTarget "WestBlueGolf" */ = {
			isa = XCConfigurationList;
			buildConfigurations = (
				A5F477181890769400AB3529 /* Debug */,
				A5F477191890769400AB3529 /* Release */,
			);
			defaultConfigurationIsVisible = 0;
			defaultConfigurationName = Release;
		};
		A5F4771A1890769400AB3529 /* Build configuration list for PBXNativeTarget "WestBlueGolfTests" */ = {
			isa = XCConfigurationList;
			buildConfigurations = (
				A5F4771B1890769400AB3529 /* Debug */,
				A5F4771C1890769400AB3529 /* Release */,
			);
			defaultConfigurationIsVisible = 0;
			defaultConfigurationName = Release;
		};
/* End XCConfigurationList section */

/* Begin XCVersionGroup section */
		A5F4772718907F5000AB3529 /* WestBlueGolf.xcdatamodeld */ = {
			isa = XCVersionGroup;
			children = (
				A5F4772818907F5000AB3529 /* WestBlueGolf.xcdatamodel */,
			);
			currentVersion = A5F4772818907F5000AB3529 /* WestBlueGolf.xcdatamodel */;
			path = WestBlueGolf.xcdatamodeld;
			sourceTree = "<group>";
			versionGroupType = wrapper.xcdatamodel;
		};
/* End XCVersionGroup section */
	};
	rootObject = A5F476D71890769400AB3529 /* Project object */;
}
